
Microsoft Visual Studio Solution File, Format Version 12.00
# Visual Studio 15
VisualStudioVersion = 15.0.28010.2050
MinimumVisualStudioVersion = 10.0.40219.1
Project("{9A19103F-16F7-4668-BE54-9A1E7A4F7556}") = "EquationSolver", "EquationSolver\EquationSolver.csproj", "{DE1EE7AF-65E5-4A42-86A2-271BDE6F6FFD}"
EndProject
Project("{FAE04EC0-301F-11D3-BF4B-00C04F79EFBC}") = "EquationSolver.UnitTests", "EquationSolver.UnitTests\EquationSolver.UnitTests.csproj", "{C1E0311C-C30F-46BA-98B8-49AB2DB4A4B9}"
EndProject
Global
	GlobalSection(SolutionConfigurationPlatforms) = preSolution
		Debug|Any CPU = Debug|Any CPU
		Release|Any CPU = Release|Any CPU
	EndGlobalSection
	GlobalSection(ProjectConfigurationPlatforms) = postSolution
		{DE1EE7AF-65E5-4A42-86A2-271BDE6F6FFD}.Debug|Any CPU.ActiveCfg = Debug|Any CPU
		{DE1EE7AF-65E5-4A42-86A2-271BDE6F6FFD}.Debug|Any CPU.Build.0 = Debug|Any CPU
		{DE1EE7AF-65E5-4A42-86A2-271BDE6F6FFD}.Release|Any CPU.ActiveCfg = Release|Any CPU
		{DE1EE7AF-65E5-4A42-86A2-271BDE6F6FFD}.Release|Any CPU.Build.0 = Release|Any CPU
		{C1E0311C-C30F-46BA-98B8-49AB2DB4A4B9}.Debug|Any CPU.ActiveCfg = Debug|Any CPU
		{C1E0311C-C30F-46BA-98B8-49AB2DB4A4B9}.Debug|Any CPU.Build.0 = Debug|Any CPU
		{C1E0311C-C30F-46BA-98B8-49AB2DB4A4B9}.Release|Any CPU.ActiveCfg = Release|Any CPU
		{C1E0311C-C30F-46BA-98B8-49AB2DB4A4B9}.Release|Any CPU.Build.0 = Release|Any CPU
	EndGlobalSection
	GlobalSection(SolutionProperties) = preSolution
		HideSolutionNode = FALSE
	EndGlobalSection
	GlobalSection(ExtensibilityGlobals) = postSolution
		SolutionGuid = {885803E5-519B-447E-82B5-2C6CC58EB08B}
	EndGlobalSection
EndGlobal
